// !$*UTF8*$!
{
	archiveVersion = 1;
	classes = {
	};
	objectVersion = 50;
	objects = {

/* Begin PBXBuildFile section */
		C448D1EF21F8086F000AEE4B /* AppDelegate.m in Sources */ = {isa = PBXBuildFile; fileRef = C448D1EE21F8086F000AEE4B /* AppDelegate.m */; };
		C448D1F221F8086F000AEE4B /* ViewController.m in Sources */ = {isa = PBXBuildFile; fileRef = C448D1F121F8086F000AEE4B /* ViewController.m */; };
		C448D1F721F80871000AEE4B /* Assets.xcassets in Resources */ = {isa = PBXBuildFile; fileRef = C448D1F621F80871000AEE4B /* Assets.xcassets */; };
		C448D1FA21F80871000AEE4B /* LaunchScreen.storyboard in Resources */ = {isa = PBXBuildFile; fileRef = C448D1F821F80871000AEE4B /* LaunchScreen.storyboard */; };
		C448D1FD21F80871000AEE4B /* main.m in Sources */ = {isa = PBXBuildFile; fileRef = C448D1FC21F80871000AEE4B /* main.m */; };
		C448D20721F80871000AEE4B /* UIBezierPathDemoTests.m in Sources */ = {isa = PBXBuildFile; fileRef = C448D20621F80871000AEE4B /* UIBezierPathDemoTests.m */; };
		C448D21221F80871000AEE4B /* UIBezierPathDemoUITests.m in Sources */ = {isa = PBXBuildFile; fileRef = C448D21121F80871000AEE4B /* UIBezierPathDemoUITests.m */; };
		C448D22121F80BB0000AEE4B /* BezierPathDetailViewController.m in Sources */ = {isa = PBXBuildFile; fileRef = C448D22021F80BB0000AEE4B /* BezierPathDetailViewController.m */; };
		C448D22421F86432000AEE4B /* SimplePathView.m in Sources */ = {isa = PBXBuildFile; fileRef = C448D22321F86432000AEE4B /* SimplePathView.m */; };
		C448D22721F88358000AEE4B /* BrokenLinePathView.m in Sources */ = {isa = PBXBuildFile; fileRef = C448D22621F88358000AEE4B /* BrokenLinePathView.m */; };
/* End PBXBuildFile section */

/* Begin PBXContainerItemProxy section */
		C448D20321F80871000AEE4B /* PBXContainerItemProxy */ = {
			isa = PBXContainerItemProxy;
			containerPortal = C448D1E221F8086F000AEE4B /* Project object */;
			proxyType = 1;
			remoteGlobalIDString = C448D1E921F8086F000AEE4B;
			remoteInfo = UIBezierPathDemo;
		};
		C448D20E21F80871000AEE4B /* PBXContainerItemProxy */ = {
			isa = PBXContainerItemProxy;
			containerPortal = C448D1E221F8086F000AEE4B /* Project object */;
			proxyType = 1;
			remoteGlobalIDString = C448D1E921F8086F000AEE4B;
			remoteInfo = UIBezierPathDemo;
		};
/* End PBXContainerItemProxy section */

/* Begin PBXFileReference section */
		C448D1EA21F8086F000AEE4B /* UIBezierPathDemo.app */ = {isa = PBXFileReference; explicitFileType = wrapper.application; includeInIndex = 0; path = UIBezierPathDemo.app; sourceTree = BUILT_PRODUCTS_DIR; };
		C448D1ED21F8086F000AEE4B /* AppDelegate.h */ = {isa = PBXFileReference; lastKnownFileType = sourcecode.c.h; path = AppDelegate.h; sourceTree = "<group>"; };
		C448D1EE21F8086F000AEE4B /* AppDelegate.m */ = {isa = PBXFileReference; lastKnownFileType = sourcecode.c.objc; path = AppDelegate.m; sourceTree = "<group>"; };
		C448D1F021F8086F000AEE4B /* ViewController.h */ = {isa = PBXFileReference; lastKnownFileType = sourcecode.c.h; path = ViewController.h; sourceTree = "<group>"; };
		C448D1F121F8086F000AEE4B /* ViewController.m */ = {isa = PBXFileReference; lastKnownFileType = sourcecode.c.objc; path = ViewController.m; sourceTree = "<group>"; };
		C448D1F621F80871000AEE4B /* Assets.xcassets */ = {isa = PBXFileReference; lastKnownFileType = folder.assetcatalog; path = Assets.xcassets; sourceTree = "<group>"; };
		C448D1F921F80871000AEE4B /* Base */ = {isa = PBXFileReference; lastKnownFileType = file.storyboard; name = Base; path = Base.lproj/LaunchScreen.storyboard; sourceTree = "<group>"; };
		C448D1FB21F80871000AEE4B /* Info.plist */ = {isa = PBXFileReference; lastKnownFileType = text.plist.xml; path = Info.plist; sourceTree = "<group>"; };
		C448D1FC21F80871000AEE4B /* main.m */ = {isa = PBXFileReference; lastKnownFileType = sourcecode.c.objc; path = main.m; sourceTree = "<group>"; };
		C448D20221F80871000AEE4B /* UIBezierPathDemoTests.xctest */ = {isa = PBXFileReference; explicitFileType = wrapper.cfbundle; includeInIndex = 0; path = UIBezierPathDemoTests.xctest; sourceTree = BUILT_PRODUCTS_DIR; };
		C448D20621F80871000AEE4B /* UIBezierPathDemoTests.m */ = {isa = PBXFileReference; lastKnownFileType = sourcecode.c.objc; path = UIBezierPathDemoTests.m; sourceTree = "<group>"; };
		C448D20821F80871000AEE4B /* Info.plist */ = {isa = PBXFileReference; lastKnownFileType = text.plist.xml; path = Info.plist; sourceTree = "<group>"; };
		C448D20D21F80871000AEE4B /* UIBezierPathDemoUITests.xctest */ = {isa = PBXFileReference; explicitFileType = wrapper.cfbundle; includeInIndex = 0; path = UIBezierPathDemoUITests.xctest; sourceTree = BUILT_PRODUCTS_DIR; };
		C448D21121F80871000AEE4B /* UIBezierPathDemoUITests.m */ = {isa = PBXFileReference; lastKnownFileType = sourcecode.c.objc; path = UIBezierPathDemoUITests.m; sourceTree = "<group>"; };
		C448D21321F80871000AEE4B /* Info.plist */ = {isa = PBXFileReference; lastKnownFileType = text.plist.xml; path = Info.plist; sourceTree = "<group>"; };
		C448D21F21F80BB0000AEE4B /* BezierPathDetailViewController.h */ = {isa = PBXFileReference; lastKnownFileType = sourcecode.c.h; path = BezierPathDetailViewController.h; sourceTree = "<group>"; };
		C448D22021F80BB0000AEE4B /* BezierPathDetailViewController.m */ = {isa = PBXFileReference; lastKnownFileType = sourcecode.c.objc; path = BezierPathDetailViewController.m; sourceTree = "<group>"; };
		C448D22221F86432000AEE4B /* SimplePathView.h */ = {isa = PBXFileReference; lastKnownFileType = sourcecode.c.h; path = SimplePathView.h; sourceTree = "<group>"; };
		C448D22321F86432000AEE4B /* SimplePathView.m */ = {isa = PBXFileReference; lastKnownFileType = sourcecode.c.objc; path = SimplePathView.m; sourceTree = "<group>"; };
		C448D22521F88358000AEE4B /* BrokenLinePathView.h */ = {isa = PBXFileReference; lastKnownFileType = sourcecode.c.h; path = BrokenLinePathView.h; sourceTree = "<group>"; };
		C448D22621F88358000AEE4B /* BrokenLinePathView.m */ = {isa = PBXFileReference; lastKnownFileType = sourcecode.c.objc; path = BrokenLinePathView.m; sourceTree = "<group>"; };
/* End PBXFileReference section */

/* Begin PBXFrameworksBuildPhase section */
		C448D1E721F8086F000AEE4B /* Frameworks */ = {
			isa = PBXFrameworksBuildPhase;
			buildActionMask = 2147483647;
			files = (
			);
			runOnlyForDeploymentPostprocessing = 0;
		};
		C448D1FF21F80871000AEE4B /* Frameworks */ = {
			isa = PBXFrameworksBuildPhase;
			buildActionMask = 2147483647;
			files = (
			);
			runOnlyForDeploymentPostprocessing = 0;
		};
		C448D20A21F80871000AEE4B /* Frameworks */ = {
			isa = PBXFrameworksBuildPhase;
			buildActionMask = 2147483647;
			files = (
			);
			runOnlyForDeploymentPostprocessing = 0;
		};
/* End PBXFrameworksBuildPhase section */

/* Begin PBXGroup section */
		C448D1E121F8086F000AEE4B = {
			isa = PBXGroup;
			children = (
				C448D1EC21F8086F000AEE4B /* UIBezierPathDemo */,
				C448D20521F80871000AEE4B /* UIBezierPathDemoTests */,
				C448D21021F80871000AEE4B /* UIBezierPathDemoUITests */,
				C448D1EB21F8086F000AEE4B /* Products */,
			);
			sourceTree = "<group>";
		};
		C448D1EB21F8086F000AEE4B /* Products */ = {
			isa = PBXGroup;
			children = (
				C448D1EA21F8086F000AEE4B /* UIBezierPathDemo.app */,
				C448D20221F80871000AEE4B /* UIBezierPathDemoTests.xctest */,
				C448D20D21F80871000AEE4B /* UIBezierPathDemoUITests.xctest */,
			);
			name = Products;
			sourceTree = "<group>";
		};
		C448D1EC21F8086F000AEE4B /* UIBezierPathDemo */ = {
			isa = PBXGroup;
			children = (
				C448D1ED21F8086F000AEE4B /* AppDelegate.h */,
				C448D1EE21F8086F000AEE4B /* AppDelegate.m */,
				C448D1F021F8086F000AEE4B /* ViewController.h */,
				C448D1F121F8086F000AEE4B /* ViewController.m */,
				C448D21F21F80BB0000AEE4B /* BezierPathDetailViewController.h */,
				C448D22021F80BB0000AEE4B /* BezierPathDetailViewController.m */,
				C448D1F621F80871000AEE4B /* Assets.xcassets */,
				C448D1F821F80871000AEE4B /* LaunchScreen.storyboard */,
				C448D1FB21F80871000AEE4B /* Info.plist */,
				C448D1FC21F80871000AEE4B /* main.m */,
				C448D22821F88366000AEE4B /* PathView */,
			);
			path = UIBezierPathDemo;
			sourceTree = "<group>";
		};
		C448D20521F80871000AEE4B /* UIBezierPathDemoTests */ = {
			isa = PBXGroup;
			children = (
				C448D20621F80871000AEE4B /* UIBezierPathDemoTests.m */,
				C448D20821F80871000AEE4B /* Info.plist */,
			);
			path = UIBezierPathDemoTests;
			sourceTree = "<group>";
		};
		C448D21021F80871000AEE4B /* UIBezierPathDemoUITests */ = {
			isa = PBXGroup;
			children = (
				C448D21121F80871000AEE4B /* UIBezierPathDemoUITests.m */,
				C448D21321F80871000AEE4B /* Info.plist */,
			);
			path = UIBezierPathDemoUITests;
			sourceTree = "<group>";
		};
		C448D22821F88366000AEE4B /* PathView */ = {
			isa = PBXGroup;
			children = (
				C448D22221F86432000AEE4B /* SimplePathView.h */,
				C448D22321F86432000AEE4B /* SimplePathView.m */,
				C448D22521F88358000AEE4B /* BrokenLinePathView.h */,
				C448D22621F88358000AEE4B /* BrokenLinePathView.m */,
			);
			path = PathView;
			sourceTree = "<group>";
		};
/* End PBXGroup section */

/* Begin PBXNativeTarget section */
		C448D1E921F8086F000AEE4B /* UIBezierPathDemo */ = {
			isa = PBXNativeTarget;
			buildConfigurationList = C448D21621F80871000AEE4B /* Build configuration list for PBXNativeTarget "UIBezierPathDemo" */;
			buildPhases = (
				C448D1E621F8086F000AEE4B /* Sources */,
				C448D1E721F8086F000AEE4B /* Frameworks */,
				C448D1E821F8086F000AEE4B /* Resources */,
			);
			buildRules = (
			);
			dependencies = (
			);
			name = UIBezierPathDemo;
			productName = UIBezierPathDemo;
			productReference = C448D1EA21F8086F000AEE4B /* UIBezierPathDemo.app */;
			productType = "com.apple.product-type.application";
		};
		C448D20121F80871000AEE4B /* UIBezierPathDemoTests */ = {
			isa = PBXNativeTarget;
			buildConfigurationList = C448D21921F80871000AEE4B /* Build configuration list for PBXNativeTarget "UIBezierPathDemoTests" */;
			buildPhases = (
				C448D1FE21F80871000AEE4B /* Sources */,
				C448D1FF21F80871000AEE4B /* Frameworks */,
				C448D20021F80871000AEE4B /* Resources */,
			);
			buildRules = (
			);
			dependencies = (
				C448D20421F80871000AEE4B /* PBXTargetDependency */,
			);
			name = UIBezierPathDemoTests;
			productName = UIBezierPathDemoTests;
			productReference = C448D20221F80871000AEE4B /* UIBezierPathDemoTests.xctest */;
			productType = "com.apple.product-type.bundle.unit-test";
		};
		C448D20C21F80871000AEE4B /* UIBezierPathDemoUITests */ = {
			isa = PBXNativeTarget;
			buildConfigurationList = C448D21C21F80871000AEE4B /* Build configuration list for PBXNativeTarget "UIBezierPathDemoUITests" */;
			buildPhases = (
				C448D20921F80871000AEE4B /* Sources */,
				C448D20A21F80871000AEE4B /* Frameworks */,
				C448D20B21F80871000AEE4B /* Resources */,
			);
			buildRules = (
			);
			dependencies = (
				C448D20F21F80871000AEE4B /* PBXTargetDependency */,
			);
			name = UIBezierPathDemoUITests;
			productName = UIBezierPathDemoUITests;
			productReference = C448D20D21F80871000AEE4B /* UIBezierPathDemoUITests.xctest */;
			productType = "com.apple.product-type.bundle.ui-testing";
		};
/* End PBXNativeTarget section */

/* Begin PBXProject section */
		C448D1E221F8086F000AEE4B /* Project object */ = {
			isa = PBXProject;
			attributes = {
				LastUpgradeCheck = 1010;
				ORGANIZATIONNAME = houwenjie;
				TargetAttributes = {
					C448D1E921F8086F000AEE4B = {
						CreatedOnToolsVersion = 10.1;
					};
					C448D20121F80871000AEE4B = {
						CreatedOnToolsVersion = 10.1;
						TestTargetID = C448D1E921F8086F000AEE4B;
					};
					C448D20C21F80871000AEE4B = {
						CreatedOnToolsVersion = 10.1;
						TestTargetID = C448D1E921F8086F000AEE4B;
					};
				};
			};
			buildConfigurationList = C448D1E521F8086F000AEE4B /* Build configuration list for PBXProject "UIBezierPathDemo" */;
			compatibilityVersion = "Xcode 9.3";
			developmentRegion = en;
			hasScannedForEncodings = 0;
			knownRegions = (
				en,
				Base,
			);
			mainGroup = C448D1E121F8086F000AEE4B;
			productRefGroup = C448D1EB21F8086F000AEE4B /* Products */;
			projectDirPath = "";
			projectRoot = "";
			targets = (
				C448D1E921F8086F000AEE4B /* UIBezierPathDemo */,
				C448D20121F80871000AEE4B /* UIBezierPathDemoTests */,
				C448D20C21F80871000AEE4B /* UIBezierPathDemoUITests */,
			);
		};
/* End PBXProject section */

/* Begin PBXResourcesBuildPhase section */
		C448D1E821F8086F000AEE4B /* Resources */ = {
			isa = PBXResourcesBuildPhase;
			buildActionMask = 2147483647;
			files = (
				C448D1FA21F80871000AEE4B /* LaunchScreen.storyboard in Resources */,
				C448D1F721F80871000AEE4B /* Assets.xcassets in Resources */,
			);
			runOnlyForDeploymentPostprocessing = 0;
		};
		C448D20021F80871000AEE4B /* Resources */ = {
			isa = PBXResourcesBuildPhase;
			buildActionMask = 2147483647;
			files = (
			);
			runOnlyForDeploymentPostprocessing = 0;
		};
		C448D20B21F80871000AEE4B /* Resources */ = {
			isa = PBXResourcesBuildPhase;
			buildActionMask = 2147483647;
			files = (
			);
			runOnlyForDeploymentPostprocessing = 0;
		};
/* End PBXResourcesBuildPhase section */

/* Begin PBXSourcesBuildPhase section */
		C448D1E621F8086F000AEE4B /* Sources */ = {
			isa = PBXSourcesBuildPhase;
			buildActionMask = 2147483647;
			files = (
				C448D22421F86432000AEE4B /* SimplePathView.m in Sources */,
				C448D1F221F8086F000AEE4B /* ViewController.m in Sources */,
				C448D22721F88358000AEE4B /* BrokenLinePathView.m in Sources */,
				C448D1FD21F80871000AEE4B /* main.m in Sources */,
				C448D22121F80BB0000AEE4B /* BezierPathDetailViewController.m in Sources */,
				C448D1EF21F8086F000AEE4B /* AppDelegate.m in Sources */,
			);
			runOnlyForDeploymentPostprocessing = 0;
		};
		C448D1FE21F80871000AEE4B /* Sources */ = {
			isa = PBXSourcesBuildPhase;
			buildActionMask = 2147483647;
			files = (
				C448D20721F80871000AEE4B /* UIBezierPathDemoTests.m in Sources */,
			);
			runOnlyForDeploymentPostprocessing = 0;
		};
		C448D20921F80871000AEE4B /* Sources */ = {
			isa = PBXSourcesBuildPhase;
			buildActionMask = 2147483647;
			files = (
				C448D21221F80871000AEE4B /* UIBezierPathDemoUITests.m in Sources */,
			);
			runOnlyForDeploymentPostprocessing = 0;
		};
/* End PBXSourcesBuildPhase section */

/* Begin PBXTargetDependency section */
		C448D20421F80871000AEE4B /* PBXTargetDependency */ = {
			isa = PBXTargetDependency;
			target = C448D1E921F8086F000AEE4B /* UIBezierPathDemo */;
			targetProxy = C448D20321F80871000AEE4B /* PBXContainerItemProxy */;
		};
		C448D20F21F80871000AEE4B /* PBXTargetDependency */ = {
			isa = PBXTargetDependency;
			target = C448D1E921F8086F000AEE4B /* UIBezierPathDemo */;
			targetProxy = C448D20E21F80871000AEE4B /* PBXContainerItemProxy */;
		};
/* End PBXTargetDependency section */

/* Begin PBXVariantGroup section */
		C448D1F821F80871000AEE4B /* LaunchScreen.storyboard */ = {
			isa = PBXVariantGroup;
			children = (
				C448D1F921F80871000AEE4B /* Base */,
			);
			name = LaunchScreen.storyboard;
			sourceTree = "<group>";
		};
/* End PBXVariantGroup section */

/* Begin XCBuildConfiguration section */
		C448D21421F80871000AEE4B /* Debug */ = {
			isa = XCBuildConfiguration;
			buildSettings = {
				ALWAYS_SEARCH_USER_PATHS = NO;
				CLANG_ANALYZER_NONNULL = YES;
				CLANG_ANALYZER_NUMBER_OBJECT_CONVERSION = YES_AGGRESSIVE;
				CLANG_CXX_LANGUAGE_STANDARD = "gnu++14";
				CLANG_CXX_LIBRARY = "libc++";
				CLANG_ENABLE_MODULES = YES;
				CLANG_ENABLE_OBJC_ARC = YES;
				CLANG_ENABLE_OBJC_WEAK = YES;
				CLANG_WARN_BLOCK_CAPTURE_AUTORELEASING = YES;
				CLANG_WARN_BOOL_CONVERSION = YES;
				CLANG_WARN_COMMA = YES;
				CLANG_WARN_CONSTANT_CONVERSION = YES;
				CLANG_WARN_DEPRECATED_OBJC_IMPLEMENTATIONS = YES;
				CLANG_WARN_DIRECT_OBJC_ISA_USAGE = YES_ERROR;
				CLANG_WARN_DOCUMENTATION_COMMENTS = YES;
				CLANG_WARN_EMPTY_BODY = YES;
				CLANG_WARN_ENUM_CONVERSION = YES;
				CLANG_WARN_INFINITE_RECURSION = YES;
				CLANG_WARN_INT_CONVERSION = YES;
				CLANG_WARN_NON_LITERAL_NULL_CONVERSION = YES;
				CLANG_WARN_OBJC_IMPLICIT_RETAIN_SELF = YES;
				CLANG_WARN_OBJC_LITERAL_CONVERSION = YES;
				CLANG_WARN_OBJC_ROOT_CLASS = YES_ERROR;
				CLANG_WARN_RANGE_LOOP_ANALYSIS = YES;
				CLANG_WARN_STRICT_PROTOTYPES = YES;
				CLANG_WARN_SUSPICIOUS_MOVE = YES;
				CLANG_WARN_UNGUARDED_AVAILABILITY = YES_AGGRESSIVE;
				CLANG_WARN_UNREACHABLE_CODE = YES;
				CLANG_WARN__DUPLICATE_METHOD_MATCH = YES;
				CODE_SIGN_IDENTITY = "iPhone Developer";
				COPY_PHASE_STRIP = NO;
				DEBUG_INFORMATION_FORMAT = dwarf;
				ENABLE_STRICT_OBJC_MSGSEND = YES;
				ENABLE_TESTABILITY = YES;
				GCC_C_LANGUAGE_STANDARD = gnu11;
				GCC_DYNAMIC_NO_PIC = NO;
				GCC_NO_COMMON_BLOCKS = YES;
				GCC_OPTIMIZATION_LEVEL = 0;
				GCC_PREPROCESSOR_DEFINITIONS = (
					"DEBUG=1",
					"$(inherited)",
				);
				GCC_WARN_64_TO_32_BIT_CONVERSION = YES;
				GCC_WARN_ABOUT_RETURN_TYPE = YES_ERROR;
				GCC_WARN_UNDECLARED_SELECTOR = YES;
				GCC_WARN_UNINITIALIZED_AUTOS = YES_AGGRESSIVE;
				GCC_WARN_UNUSED_FUNCTION = YES;
				GCC_WARN_UNUSED_VARIABLE = YES;
				IPHONEOS_DEPLOYMENT_TARGET = 12.1;
				MTL_ENABLE_DEBUG_INFO = INCLUDE_SOURCE;
				MTL_FAST_MATH = YES;
				ONLY_ACTIVE_ARCH = YES;
				SDKROOT = iphoneos;
			};
			name = Debug;
		};
		C448D21521F80871000AEE4B /* Release */ = {
			isa = XCBuildConfiguration;
			buildSettings = {
				ALWAYS_SEARCH_USER_PATHS = NO;
				CLANG_ANALYZER_NONNULL = YES;
				CLANG_ANALYZER_NUMBER_OBJECT_CONVERSION = YES_AGGRESSIVE;
				CLANG_CXX_LANGUAGE_STANDARD = "gnu++14";
				CLANG_CXX_LIBRARY = "libc++";
				CLANG_ENABLE_MODULES = YES;
				CLANG_ENABLE_OBJC_ARC = YES;
				CLANG_ENABLE_OBJC_WEAK = YES;
				CLANG_WARN_BLOCK_CAPTURE_AUTORELEASING = YES;
				CLANG_WARN_BOOL_CONVERSION = YES;
				CLANG_WARN_COMMA = YES;
				CLANG_WARN_CONSTANT_CONVERSION = YES;
				CLANG_WARN_DEPRECATED_OBJC_IMPLEMENTATIONS = YES;
				CLANG_WARN_DIRECT_OBJC_ISA_USAGE = YES_ERROR;
				CLANG_WARN_DOCUMENTATION_COMMENTS = YES;
				CLANG_WARN_EMPTY_BODY = YES;
				CLANG_WARN_ENUM_CONVERSION = YES;
				CLANG_WARN_INFINITE_RECURSION = YES;
				CLANG_WARN_INT_CONVERSION = YES;
				CLANG_WARN_NON_LITERAL_NULL_CONVERSION = YES;
				CLANG_WARN_OBJC_IMPLICIT_RETAIN_SELF = YES;
				CLANG_WARN_OBJC_LITERAL_CONVERSION = YES;
				CLANG_WARN_OBJC_ROOT_CLASS = YES_ERROR;
				CLANG_WARN_RANGE_LOOP_ANALYSIS = YES;
				CLANG_WARN_STRICT_PROTOTYPES = YES;
				CLANG_WARN_SUSPICIOUS_MOVE = YES;
				CLANG_WARN_UNGUARDED_AVAILABILITY = YES_AGGRESSIVE;
				CLANG_WARN_UNREACHABLE_CODE = YES;
				CLANG_WARN__DUPLICATE_METHOD_MATCH = YES;
				CODE_SIGN_IDENTITY = "iPhone Developer";
				COPY_PHASE_STRIP = NO;
				DEBUG_INFORMATION_FORMAT = "dwarf-with-dsym";
				ENABLE_NS_ASSERTIONS = NO;
				ENABLE_STRICT_OBJC_MSGSEND = YES;
				GCC_C_LANGUAGE_STANDARD = gnu11;
				GCC_NO_COMMON_BLOCKS = YES;
				GCC_WARN_64_TO_32_BIT_CONVERSION = YES;
				GCC_WARN_ABOUT_RETURN_TYPE = YES_ERROR;
				GCC_WARN_UNDECLARED_SELECTOR = YES;
				GCC_WARN_UNINITIALIZED_AUTOS = YES_AGGRESSIVE;
				GCC_WARN_UNUSED_FUNCTION = YES;
				GCC_WARN_UNUSED_VARIABLE = YES;
				IPHONEOS_DEPLOYMENT_TARGET = 12.1;
				MTL_ENABLE_DEBUG_INFO = NO;
				MTL_FAST_MATH = YES;
				SDKROOT = iphoneos;
				VALIDATE_PRODUCT = YES;
			};
			name = Release;
		};
		C448D21721F80871000AEE4B /* Debug */ = {
			isa = XCBuildConfiguration;
			buildSettings = {
				ASSETCATALOG_COMPILER_APPICON_NAME = AppIcon;
				CODE_SIGN_STYLE = Automatic;
				DEVELOPMENT_TEAM = G8KY8X4895;
				INFOPLIST_FILE = UIBezierPathDemo/Info.plist;
				LD_RUNPATH_SEARCH_PATHS = (
					"$(inherited)",
					"@executable_path/Frameworks",
				);
				PRODUCT_BUNDLE_IDENTIFIER = com.houwenjie.bezierPathDemo.UIBezierPathDemo;
				PRODUCT_NAME = "$(TARGET_NAME)";
				TARGETED_DEVICE_FAMILY = "1,2";
			};
			name = Debug;
		};
		C448D21821F80871000AEE4B /* Release */ = {
			isa = XCBuildConfiguration;
			buildSettings = {
				ASSETCATALOG_COMPILER_APPICON_NAME = AppIcon;
				CODE_SIGN_STYLE = Automatic;
				DEVELOPMENT_TEAM = G8KY8X4895;
				INFOPLIST_FILE = UIBezierPathDemo/Info.plist;
				LD_RUNPATH_SEARCH_PATHS = (
					"$(inherited)",
					"@executable_path/Frameworks",
				);
				PRODUCT_BUNDLE_IDENTIFIER = com.houwenjie.bezierPathDemo.UIBezierPathDemo;
				PRODUCT_NAME = "$(TARGET_NAME)";
				TARGETED_DEVICE_FAMILY = "1,2";
			};
			name = Release;
		};
		C448D21A21F80871000AEE4B /* Debug */ = {
			isa = XCBuildConfiguration;
			buildSettings = {
				BUNDLE_LOADER = "$(TEST_HOST)";
				CODE_SIGN_STYLE = Automatic;
				INFOPLIST_FILE = UIBezierPathDemoTests/Info.plist;
				LD_RUNPATH_SEARCH_PATHS = (
					"$(inherited)",
					"@executable_path/Frameworks",
					"@loader_path/Frameworks",
				);
				PRODUCT_BUNDLE_IDENTIFIER = com.houwenjie.bezierPathDemo.UIBezierPathDemoTests;
				PRODUCT_NAME = "$(TARGET_NAME)";
				TARGETED_DEVICE_FAMILY = "1,2";
				TEST_HOST = "$(BUILT_PRODUCTS_DIR)/UIBezierPathDemo.app/UIBezierPathDemo";
			};
			name = Debug;
		};
		C448D21B21F80871000AEE4B /* Release */ = {
			isa = XCBuildConfiguration;
			buildSettings = {
				BUNDLE_LOADER = "$(TEST_HOST)";
				CODE_SIGN_STYLE = Automatic;
				INFOPLIST_FILE = UIBezierPathDemoTests/Info.plist;
				LD_RUNPATH_SEARCH_PATHS = (
					"$(inherited)",
					"@executable_path/Frameworks",
					"@loader_path/Frameworks",
				);
				PRODUCT_BUNDLE_IDENTIFIER = com.houwenjie.bezierPathDemo.UIBezierPathDemoTests;
				PRODUCT_NAME = "$(TARGET_NAME)";
				TARGETED_DEVICE_FAMILY = "1,2";
				TEST_HOST = "$(BUILT_PRODUCTS_DIR)/UIBezierPathDemo.app/UIBezierPathDemo";
			};
			name = Release;
		};
		C448D21D21F80871000AEE4B /* Debug */ = {
			isa = XCBuildConfiguration;
			buildSettings = {
				CODE_SIGN_STYLE = Automatic;
				INFOPLIST_FILE = UIBezierPathDemoUITests/Info.plist;
				LD_RUNPATH_SEARCH_PATHS = (
					"$(inherited)",
					"@executable_path/Frameworks",
					"@loader_path/Frameworks",
				);
				PRODUCT_BUNDLE_IDENTIFIER = com.houwenjie.bezierPathDemo.UIBezierPathDemoUITests;
				PRODUCT_NAME = "$(TARGET_NAME)";
				TARGETED_DEVICE_FAMILY = "1,2";
				TEST_TARGET_NAME = UIBezierPathDemo;
			};
			name = Debug;
		};
		C448D21E21F80871000AEE4B /* Release */ = {
			isa = XCBuildConfiguration;
			buildSettings = {
				CODE_SIGN_STYLE = Automatic;
				INFOPLIST_FILE = UIBezierPathDemoUITests/Info.plist;
				LD_RUNPATH_SEARCH_PATHS = (
					"$(inherited)",
					"@executable_path/Frameworks",
					"@loader_path/Frameworks",
				);
				PRODUCT_BUNDLE_IDENTIFIER = com.houwenjie.bezierPathDemo.UIBezierPathDemoUITests;
				PRODUCT_NAME = "$(TARGET_NAME)";
				TARGETED_DEVICE_FAMILY = "1,2";
				TEST_TARGET_NAME = UIBezierPathDemo;
			};
			name = Release;
		};
/* End XCBuildConfiguration section */

/* Begin XCConfigurationList section */
		C448D1E521F8086F000AEE4B /* Build configuration list for PBXProject "UIBezierPathDemo" */ = {
			isa = XCConfigurationList;
			buildConfigurations = (
				C448D21421F80871000AEE4B /* Debug */,
				C448D21521F80871000AEE4B /* Release */,
			);
			defaultConfigurationIsVisible = 0;
			defaultConfigurationName = Release;
		};
		C448D21621F80871000AEE4B /* Build configuration list for PBXNativeTarget "UIBezierPathDemo" */ = {
			isa = XCConfigurationList;
			buildConfigurations = (
				C448D21721F80871000AEE4B /* Debug */,
				C448D21821F80871000AEE4B /* Release */,
			);
			defaultConfigurationIsVisible = 0;
			defaultConfigurationName = Release;
		};
		C448D21921F80871000AEE4B /* Build configuration list for PBXNativeTarget "UIBezierPathDemoTests" */ = {
			isa = XCConfigurationList;
			buildConfigurations = (
				C448D21A21F80871000AEE4B /* Debug */,
				C448D21B21F80871000AEE4B /* Release */,
			);
			defaultConfigurationIsVisible = 0;
			defaultConfigurationName = Release;
		};
		C448D21C21F80871000AEE4B /* Build configuration list for PBXNativeTarget "UIBezierPathDemoUITests" */ = {
			isa = XCConfigurationList;
			buildConfigurations = (
				C448D21D21F80871000AEE4B /* Debug */,
				C448D21E21F80871000AEE4B /* Release */,
			);
			defaultConfigurationIsVisible = 0;
			defaultConfigurationName = Release;
		};
/* End XCConfigurationList section */
	};
	rootObject = C448D1E221F8086F000AEE4B /* Project object */;
}
